
Microsoft Visual Studio Solution File, Format Version 12.00
# Visual Studio 15
VisualStudioVersion = 15.0.28307.168
MinimumVisualStudioVersion = 10.0.40219.1
Project("{FAE04EC0-301F-11D3-BF4B-00C04F79EFBC}") = "ScrumBot", "ScrumBot\ScrumBot.csproj", "{1129996F-C7FF-4947-9013-8A679D56811D}"
EndProject
Global
	GlobalSection(SolutionConfigurationPlatforms) = preSolution
		Debug|Any CPU = Debug|Any CPU
		Release|Any CPU = Release|Any CPU
	EndGlobalSection
	GlobalSection(ProjectConfigurationPlatforms) = postSolution
		{1129996F-C7FF-4947-9013-8A679D56811D}.Debug|Any CPU.ActiveCfg = Debug|Any CPU
		{1129996F-C7FF-4947-9013-8A679D56811D}.Debug|Any CPU.Build.0 = Debug|Any CPU
		{1129996F-C7FF-4947-9013-8A679D56811D}.Release|Any CPU.ActiveCfg = Release|Any CPU
		{1129996F-C7FF-4947-9013-8A679D56811D}.Release|Any CPU.Build.0 = Release|Any CPU
	EndGlobalSection
	GlobalSection(SolutionProperties) = preSolution
		HideSolutionNode = FALSE
	EndGlobalSection
	GlobalSection(ExtensibilityGlobals) = postSolution
		SolutionGuid = {3665055A-BD86-4A23-9F89-CB1DFE789733}
	EndGlobalSection
EndGlobal
